
Microsoft Visual Studio Solution File, Format Version 12.00
# Visual Studio 15
VisualStudioVersion = 15.0.28307.168
MinimumVisualStudioVersion = 10.0.40219.1
Project("{FAE04EC0-301F-11D3-BF4B-00C04F79EFBC}") = "JabulaniRubiblueAss.Repository", "JabulaniRubiblueAss.Repository\JabulaniRubiblueAss.Repository.csproj", "{AEE83ED8-77F2-4988-8E46-87DF8CD64DAD}"
EndProject
Project("{FAE04EC0-301F-11D3-BF4B-00C04F79EFBC}") = "JabulaniRubiblueAss.Service", "JabulaniRubiblueAss.Service\JabulaniRubiblueAss.Service.csproj", "{CF351921-69EA-4336-90A2-AA5835748150}"
EndProject
Project("{FAE04EC0-301F-11D3-BF4B-00C04F79EFBC}") = "JabulaniRubiblueAss.Web", "JabulaniRubiblueAss.Web\JabulaniRubiblueAss.Web.csproj", "{A3637555-1F14-400E-A39C-4BA7D442807D}"
EndProject
Project("{FAE04EC0-301F-11D3-BF4B-00C04F79EFBC}") = "JabulaniRubiblueAss.Helper", "JabulaniRubiblueAss.Helper\JabulaniRubiblueAss.Helper.csproj", "{D790F544-DF50-470E-A7A7-61DC1998B0F1}"
EndProject
Project("{FAE04EC0-301F-11D3-BF4B-00C04F79EFBC}") = "JabulaniRubiblueAss.Auth", "JabulaniRubiblueAss.Auth\JabulaniRubiblueAss.Auth.csproj", "{D3A23AD5-25BE-42B8-BD22-42A7D1504383}"
EndProject
Global
	GlobalSection(SolutionConfigurationPlatforms) = preSolution
		Debug|Any CPU = Debug|Any CPU
		Release|Any CPU = Release|Any CPU
	EndGlobalSection
	GlobalSection(ProjectConfigurationPlatforms) = postSolution
		{AEE83ED8-77F2-4988-8E46-87DF8CD64DAD}.Debug|Any CPU.ActiveCfg = Debug|Any CPU
		{AEE83ED8-77F2-4988-8E46-87DF8CD64DAD}.Debug|Any CPU.Build.0 = Debug|Any CPU
		{AEE83ED8-77F2-4988-8E46-87DF8CD64DAD}.Release|Any CPU.ActiveCfg = Release|Any CPU
		{AEE83ED8-77F2-4988-8E46-87DF8CD64DAD}.Release|Any CPU.Build.0 = Release|Any CPU
		{CF351921-69EA-4336-90A2-AA5835748150}.Debug|Any CPU.ActiveCfg = Debug|Any CPU
		{CF351921-69EA-4336-90A2-AA5835748150}.Debug|Any CPU.Build.0 = Debug|Any CPU
		{CF351921-69EA-4336-90A2-AA5835748150}.Release|Any CPU.ActiveCfg = Release|Any CPU
		{CF351921-69EA-4336-90A2-AA5835748150}.Release|Any CPU.Build.0 = Release|Any CPU
		{A3637555-1F14-400E-A39C-4BA7D442807D}.Debug|Any CPU.ActiveCfg = Debug|Any CPU
		{A3637555-1F14-400E-A39C-4BA7D442807D}.Debug|Any CPU.Build.0 = Debug|Any CPU
		{A3637555-1F14-400E-A39C-4BA7D442807D}.Release|Any CPU.ActiveCfg = Release|Any CPU
		{A3637555-1F14-400E-A39C-4BA7D442807D}.Release|Any CPU.Build.0 = Release|Any CPU
		{D790F544-DF50-470E-A7A7-61DC1998B0F1}.Debug|Any CPU.ActiveCfg = Debug|Any CPU
		{D790F544-DF50-470E-A7A7-61DC1998B0F1}.Debug|Any CPU.Build.0 = Debug|Any CPU
		{D790F544-DF50-470E-A7A7-61DC1998B0F1}.Release|Any CPU.ActiveCfg = Release|Any CPU
		{D790F544-DF50-470E-A7A7-61DC1998B0F1}.Release|Any CPU.Build.0 = Release|Any CPU
		{D3A23AD5-25BE-42B8-BD22-42A7D1504383}.Debug|Any CPU.ActiveCfg = Debug|Any CPU
		{D3A23AD5-25BE-42B8-BD22-42A7D1504383}.Debug|Any CPU.Build.0 = Debug|Any CPU
		{D3A23AD5-25BE-42B8-BD22-42A7D1504383}.Release|Any CPU.ActiveCfg = Release|Any CPU
		{D3A23AD5-25BE-42B8-BD22-42A7D1504383}.Release|Any CPU.Build.0 = Release|Any CPU
	EndGlobalSection
	GlobalSection(SolutionProperties) = preSolution
		HideSolutionNode = FALSE
	EndGlobalSection
	GlobalSection(ExtensibilityGlobals) = postSolution
		SolutionGuid = {1F469ED8-1EC3-4B16-A52C-27C6BEA59653}
	EndGlobalSection
EndGlobal
