
Microsoft Visual Studio Solution File, Format Version 12.00
# Visual Studio 15
VisualStudioVersion = 15.0.28307.168
MinimumVisualStudioVersion = 10.0.40219.1
Project("{FAE04EC0-301F-11D3-BF4B-00C04F79EFBC}") = "JabulaniRubiblueAss", "JabulaniRubiblueAss\JabulaniRubiblueAss.csproj", "{E00E5747-B346-48A8-B7AC-B03F4738624B}"
EndProject
Global
	GlobalSection(SolutionConfigurationPlatforms) = preSolution
		Debug|Any CPU = Debug|Any CPU
		Release|Any CPU = Release|Any CPU
	EndGlobalSection
	GlobalSection(ProjectConfigurationPlatforms) = postSolution
		{E00E5747-B346-48A8-B7AC-B03F4738624B}.Debug|Any CPU.ActiveCfg = Debug|Any CPU
		{E00E5747-B346-48A8-B7AC-B03F4738624B}.Debug|Any CPU.Build.0 = Debug|Any CPU
		{E00E5747-B346-48A8-B7AC-B03F4738624B}.Release|Any CPU.ActiveCfg = Release|Any CPU
		{E00E5747-B346-48A8-B7AC-B03F4738624B}.Release|Any CPU.Build.0 = Release|Any CPU
	EndGlobalSection
	GlobalSection(SolutionProperties) = preSolution
		HideSolutionNode = FALSE
	EndGlobalSection
	GlobalSection(ExtensibilityGlobals) = postSolution
		SolutionGuid = {1F469ED8-1EC3-4B16-A52C-27C6BEA59653}
	EndGlobalSection
EndGlobal
